
Microsoft Visual Studio Solution File, Format Version 12.00
# Visual Studio Version 17
VisualStudioVersion = 17.1.32407.343
MinimumVisualStudioVersion = 10.0.40219.1
Project("{FAE04EC0-301F-11D3-BF4B-00C04F79EFBC}") = "OnlineShop", "OnlineShop\OnlineShop.csproj", "{F23174E4-04E0-4FA7-83D4-7791B3D57413}"
EndProject
Global
	GlobalSection(SolutionConfigurationPlatforms) = preSolution
		Debug|Any CPU = Debug|Any CPU
		Release|Any CPU = Release|Any CPU
	EndGlobalSection
	GlobalSection(ProjectConfigurationPlatforms) = postSolution
		{F23174E4-04E0-4FA7-83D4-7791B3D57413}.Debug|Any CPU.ActiveCfg = Debug|Any CPU
		{F23174E4-04E0-4FA7-83D4-7791B3D57413}.Debug|Any CPU.Build.0 = Debug|Any CPU
		{F23174E4-04E0-4FA7-83D4-7791B3D57413}.Release|Any CPU.ActiveCfg = Release|Any CPU
		{F23174E4-04E0-4FA7-83D4-7791B3D57413}.Release|Any CPU.Build.0 = Release|Any CPU
	EndGlobalSection
	GlobalSection(SolutionProperties) = preSolution
		HideSolutionNode = FALSE
	EndGlobalSection
	GlobalSection(ExtensibilityGlobals) = postSolution
		SolutionGuid = {57F9FAB7-0CF3-4607-B40A-EA2FBD97E46F}
	EndGlobalSection
EndGlobal
